
Microsoft Visual Studio Solution File, Format Version 12.00
# Visual Studio Version 16
VisualStudioVersion = 16.0.29306.81
MinimumVisualStudioVersion = 10.0.40219.1
Project("{FAE04EC0-301F-11D3-BF4B-00C04F79EFBC}") = "teste1212", "teste1212\teste1212.csproj", "{CA4513A9-5785-4EBF-A728-51C1EF5D41DE}"
EndProject
Global
	GlobalSection(SolutionConfigurationPlatforms) = preSolution
		Debug|Any CPU = Debug|Any CPU
		Release|Any CPU = Release|Any CPU
	EndGlobalSection
	GlobalSection(ProjectConfigurationPlatforms) = postSolution
		{CA4513A9-5785-4EBF-A728-51C1EF5D41DE}.Debug|Any CPU.ActiveCfg = Debug|Any CPU
		{CA4513A9-5785-4EBF-A728-51C1EF5D41DE}.Debug|Any CPU.Build.0 = Debug|Any CPU
		{CA4513A9-5785-4EBF-A728-51C1EF5D41DE}.Release|Any CPU.ActiveCfg = Release|Any CPU
		{CA4513A9-5785-4EBF-A728-51C1EF5D41DE}.Release|Any CPU.Build.0 = Release|Any CPU
	EndGlobalSection
	GlobalSection(SolutionProperties) = preSolution
		HideSolutionNode = FALSE
	EndGlobalSection
	GlobalSection(ExtensibilityGlobals) = postSolution
		SolutionGuid = {767EC3CB-EA93-4BA4-806E-E52AF22A5A06}
	EndGlobalSection
EndGlobal
